
Microsoft Visual Studio Solution File, Format Version 12.00
# Visual Studio Version 16
VisualStudioVersion = 16.0.30413.136
MinimumVisualStudioVersion = 10.0.40219.1
Project("{FAE04EC0-301F-11D3-BF4B-00C04F79EFBC}") = "EX03ConsolePlay", "EX03ConsolePlay.csproj", "{5D326555-0138-41B7-BA1B-1307CF0068D0}"
EndProject
Global
	GlobalSection(SolutionConfigurationPlatforms) = preSolution
		Debug|Any CPU = Debug|Any CPU
		Release|Any CPU = Release|Any CPU
	EndGlobalSection
	GlobalSection(ProjectConfigurationPlatforms) = postSolution
		{5D326555-0138-41B7-BA1B-1307CF0068D0}.Debug|Any CPU.ActiveCfg = Debug|Any CPU
		{5D326555-0138-41B7-BA1B-1307CF0068D0}.Debug|Any CPU.Build.0 = Debug|Any CPU
		{5D326555-0138-41B7-BA1B-1307CF0068D0}.Release|Any CPU.ActiveCfg = Release|Any CPU
		{5D326555-0138-41B7-BA1B-1307CF0068D0}.Release|Any CPU.Build.0 = Release|Any CPU
	EndGlobalSection
	GlobalSection(SolutionProperties) = preSolution
		HideSolutionNode = FALSE
	EndGlobalSection
	GlobalSection(ExtensibilityGlobals) = postSolution
		SolutionGuid = {D08879B2-5816-4FB4-8734-E489E6AC0DC6}
	EndGlobalSection
EndGlobal
